
Microsoft Visual Studio Solution File, Format Version 12.00
# Visual Studio Version 17
VisualStudioVersion = 17.11.35222.181
MinimumVisualStudioVersion = 10.0.40219.1
Project("{2150E333-8FDC-42A3-9474-1A3956D46DE8}") = "src", "src", "{2CA5BE36-4781-491A-8705-CA37C7C38232}"
	ProjectSection(SolutionItems) = preProject
		docker-compose.yml = docker-compose.yml
	EndProjectSection
EndProject
Project("{9A19103F-16F7-4668-BE54-9A1E7A4F7556}") = "TikiShop.Infrastructure", "src\TikiShop.Infrastructure\TikiShop.Infrastructure.csproj", "{7375E35A-E380-4623-B271-FCB2D41D6FD0}"
EndProject
Project("{9A19103F-16F7-4668-BE54-9A1E7A4F7556}") = "TikiShop.WebClient", "src\TikiShop.WebClient\TikiShop.WebClient.csproj", "{D806520F-0501-44DC-A1F5-586D6E2EBACE}"
EndProject
Project("{9A19103F-16F7-4668-BE54-9A1E7A4F7556}") = "TikiShop.Api", "src\TikiShop.Api\TikiShop.Api.csproj", "{449D40EA-7053-47D8-9E72-3712C6B76A60}"
EndProject
Project("{9A19103F-16F7-4668-BE54-9A1E7A4F7556}") = "TikiShop.Core", "src\TikiShop.Core\TikiShop.Core.csproj", "{25265182-6483-46EF-9748-5C8F73383FDE}"
EndProject
Global
	GlobalSection(SolutionConfigurationPlatforms) = preSolution
		Debug|Any CPU = Debug|Any CPU
		Release|Any CPU = Release|Any CPU
	EndGlobalSection
	GlobalSection(ProjectConfigurationPlatforms) = postSolution
		{7375E35A-E380-4623-B271-FCB2D41D6FD0}.Debug|Any CPU.ActiveCfg = Debug|Any CPU
		{7375E35A-E380-4623-B271-FCB2D41D6FD0}.Debug|Any CPU.Build.0 = Debug|Any CPU
		{7375E35A-E380-4623-B271-FCB2D41D6FD0}.Release|Any CPU.ActiveCfg = Release|Any CPU
		{7375E35A-E380-4623-B271-FCB2D41D6FD0}.Release|Any CPU.Build.0 = Release|Any CPU
		{D806520F-0501-44DC-A1F5-586D6E2EBACE}.Debug|Any CPU.ActiveCfg = Debug|Any CPU
		{D806520F-0501-44DC-A1F5-586D6E2EBACE}.Debug|Any CPU.Build.0 = Debug|Any CPU
		{D806520F-0501-44DC-A1F5-586D6E2EBACE}.Release|Any CPU.ActiveCfg = Release|Any CPU
		{D806520F-0501-44DC-A1F5-586D6E2EBACE}.Release|Any CPU.Build.0 = Release|Any CPU
		{449D40EA-7053-47D8-9E72-3712C6B76A60}.Debug|Any CPU.ActiveCfg = Debug|Any CPU
		{449D40EA-7053-47D8-9E72-3712C6B76A60}.Debug|Any CPU.Build.0 = Debug|Any CPU
		{449D40EA-7053-47D8-9E72-3712C6B76A60}.Release|Any CPU.ActiveCfg = Release|Any CPU
		{449D40EA-7053-47D8-9E72-3712C6B76A60}.Release|Any CPU.Build.0 = Release|Any CPU
		{25265182-6483-46EF-9748-5C8F73383FDE}.Debug|Any CPU.ActiveCfg = Debug|Any CPU
		{25265182-6483-46EF-9748-5C8F73383FDE}.Debug|Any CPU.Build.0 = Debug|Any CPU
		{25265182-6483-46EF-9748-5C8F73383FDE}.Release|Any CPU.ActiveCfg = Release|Any CPU
		{25265182-6483-46EF-9748-5C8F73383FDE}.Release|Any CPU.Build.0 = Release|Any CPU
	EndGlobalSection
	GlobalSection(SolutionProperties) = preSolution
		HideSolutionNode = FALSE
	EndGlobalSection
	GlobalSection(NestedProjects) = preSolution
		{7375E35A-E380-4623-B271-FCB2D41D6FD0} = {2CA5BE36-4781-491A-8705-CA37C7C38232}
		{D806520F-0501-44DC-A1F5-586D6E2EBACE} = {2CA5BE36-4781-491A-8705-CA37C7C38232}
		{449D40EA-7053-47D8-9E72-3712C6B76A60} = {2CA5BE36-4781-491A-8705-CA37C7C38232}
		{25265182-6483-46EF-9748-5C8F73383FDE} = {2CA5BE36-4781-491A-8705-CA37C7C38232}
	EndGlobalSection
	GlobalSection(ExtensibilityGlobals) = postSolution
		SolutionGuid = {BC1CD47A-4253-4E55-9CE8-79CCECB2C024}
	EndGlobalSection
EndGlobal
